
Microsoft Visual Studio Solution File, Format Version 12.00
# Visual Studio Version 17
VisualStudioVersion = 17.2.32630.192
MinimumVisualStudioVersion = 10.0.40219.1
Project("{FAE04EC0-301F-11D3-BF4B-00C04F79EFBC}") = "170822_DialogPencereleri", "170822_DialogPencereleri\170822_DialogPencereleri.csproj", "{A8F05A38-9C56-4E01-BA18-C3E8120A65EC}"
EndProject
Global
	GlobalSection(SolutionConfigurationPlatforms) = preSolution
		Debug|Any CPU = Debug|Any CPU
		Release|Any CPU = Release|Any CPU
	EndGlobalSection
	GlobalSection(ProjectConfigurationPlatforms) = postSolution
		{A8F05A38-9C56-4E01-BA18-C3E8120A65EC}.Debug|Any CPU.ActiveCfg = Debug|Any CPU
		{A8F05A38-9C56-4E01-BA18-C3E8120A65EC}.Debug|Any CPU.Build.0 = Debug|Any CPU
		{A8F05A38-9C56-4E01-BA18-C3E8120A65EC}.Release|Any CPU.ActiveCfg = Release|Any CPU
		{A8F05A38-9C56-4E01-BA18-C3E8120A65EC}.Release|Any CPU.Build.0 = Release|Any CPU
	EndGlobalSection
	GlobalSection(SolutionProperties) = preSolution
		HideSolutionNode = FALSE
	EndGlobalSection
	GlobalSection(ExtensibilityGlobals) = postSolution
		SolutionGuid = {47788246-CA7E-4AF1-A144-DEA3D90D9490}
	EndGlobalSection
EndGlobal
